Microsoft Visual Studio Solution File, Format Version 12.00
# Visual Studio Version 17
VisualStudioVersion = 17.5.2.0
MinimumVisualStudioVersion = 10.0.40219.1
Project("{FAE04EC0-301F-11D3-BF4B-00C04F79EFBC}") = "EasyFileTransferApp", "EasyFileTransferApp\EasyFileTransferApp.csproj", "{006EEAE0-B6D2-AE92-CAE3-C1ADA5231DC9}"
EndProject
Global
	GlobalSection(SolutionConfigurationPlatforms) = preSolution
		Debug|Any CPU = Debug|Any CPU
		Release|Any CPU = Release|Any CPU
	EndGlobalSection
	GlobalSection(ProjectConfigurationPlatforms) = postSolution
		{006EEAE0-B6D2-AE92-CAE3-C1ADA5231DC9}.Debug|Any CPU.ActiveCfg = Debug|Any CPU
		{006EEAE0-B6D2-AE92-CAE3-C1ADA5231DC9}.Debug|Any CPU.Build.0 = Debug|Any CPU
		{006EEAE0-B6D2-AE92-CAE3-C1ADA5231DC9}.Release|Any CPU.ActiveCfg = Release|Any CPU
		{006EEAE0-B6D2-AE92-CAE3-C1ADA5231DC9}.Release|Any CPU.Build.0 = Release|Any CPU
	EndGlobalSection
	GlobalSection(SolutionProperties) = preSolution
		HideSolutionNode = FALSE
	EndGlobalSection
	GlobalSection(ExtensibilityGlobals) = postSolution
		SolutionGuid = {CDDA4D42-BC83-45CD-A2F8-0FDE4756B16A}
	EndGlobalSection
EndGlobal
