
Microsoft Visual Studio Solution File, Format Version 12.00
# Visual Studio Version 17
VisualStudioVersion = 17.13.35818.85 d17.13
MinimumVisualStudioVersion = 10.0.40219.1
Project("{FAE04EC0-301F-11D3-BF4B-00C04F79EFBC}") = "EasyFileTransferApp", "EasyFileTransferApp.csproj", "{2D552079-EA27-8A4C-0BAD-676F09E41AB4}"
EndProject
Global
	GlobalSection(SolutionConfigurationPlatforms) = preSolution
		Debug|Any CPU = Debug|Any CPU
		Release|Any CPU = Release|Any CPU
	EndGlobalSection
	GlobalSection(ProjectConfigurationPlatforms) = postSolution
		{2D552079-EA27-8A4C-0BAD-676F09E41AB4}.Debug|Any CPU.ActiveCfg = Debug|Any CPU
		{2D552079-EA27-8A4C-0BAD-676F09E41AB4}.Debug|Any CPU.Build.0 = Debug|Any CPU
		{2D552079-EA27-8A4C-0BAD-676F09E41AB4}.Release|Any CPU.ActiveCfg = Release|Any CPU
		{2D552079-EA27-8A4C-0BAD-676F09E41AB4}.Release|Any CPU.Build.0 = Release|Any CPU
	EndGlobalSection
	GlobalSection(SolutionProperties) = preSolution
		HideSolutionNode = FALSE
	EndGlobalSection
	GlobalSection(ExtensibilityGlobals) = postSolution
		SolutionGuid = {B150B32B-6CD6-44E4-8850-1041FD5C2404}
	EndGlobalSection
EndGlobal
